
Microsoft Visual Studio Solution File, Format Version 12.00
# Visual Studio Version 16
VisualStudioVersion = 25.0.1705.6
MinimumVisualStudioVersion = 10.0.40219.1
Project("{FAE04EC0-301F-11D3-BF4B-00C04F79EFBC}") = "PersonClass", "PersonClass\PersonClass.csproj", "{958A73CA-CE95-4A99-94CC-A475C3477018}"
EndProject
Global
	GlobalSection(SolutionConfigurationPlatforms) = preSolution
		Debug|Any CPU = Debug|Any CPU
		Release|Any CPU = Release|Any CPU
	EndGlobalSection
	GlobalSection(ProjectConfigurationPlatforms) = postSolution
		{958A73CA-CE95-4A99-94CC-A475C3477018}.Debug|Any CPU.ActiveCfg = Debug|Any CPU
		{958A73CA-CE95-4A99-94CC-A475C3477018}.Debug|Any CPU.Build.0 = Debug|Any CPU
		{958A73CA-CE95-4A99-94CC-A475C3477018}.Release|Any CPU.ActiveCfg = Release|Any CPU
		{958A73CA-CE95-4A99-94CC-A475C3477018}.Release|Any CPU.Build.0 = Release|Any CPU
	EndGlobalSection
	GlobalSection(SolutionProperties) = preSolution
		HideSolutionNode = FALSE
	EndGlobalSection
	GlobalSection(ExtensibilityGlobals) = postSolution
		SolutionGuid = {D9ECF21A-459C-45C7-883F-CBEF962B4F6C}
	EndGlobalSection
EndGlobal
