
Microsoft Visual Studio Solution File, Format Version 12.00
# Visual Studio Version 17
VisualStudioVersion = 17.5.33424.131
MinimumVisualStudioVersion = 10.0.40219.1
Project("{FAE04EC0-301F-11D3-BF4B-00C04F79EFBC}") = "SquareX", "SquareX\SquareX.csproj", "{AEAC9D96-E8C8-484F-B6F7-BF12D0D41D27}"
EndProject
Global
	GlobalSection(SolutionConfigurationPlatforms) = preSolution
		Debug|Any CPU = Debug|Any CPU
		Release|Any CPU = Release|Any CPU
	EndGlobalSection
	GlobalSection(ProjectConfigurationPlatforms) = postSolution
		{AEAC9D96-E8C8-484F-B6F7-BF12D0D41D27}.Debug|Any CPU.ActiveCfg = Debug|Any CPU
		{AEAC9D96-E8C8-484F-B6F7-BF12D0D41D27}.Debug|Any CPU.Build.0 = Debug|Any CPU
		{AEAC9D96-E8C8-484F-B6F7-BF12D0D41D27}.Release|Any CPU.ActiveCfg = Release|Any CPU
		{AEAC9D96-E8C8-484F-B6F7-BF12D0D41D27}.Release|Any CPU.Build.0 = Release|Any CPU
	EndGlobalSection
	GlobalSection(SolutionProperties) = preSolution
		HideSolutionNode = FALSE
	EndGlobalSection
	GlobalSection(ExtensibilityGlobals) = postSolution
		SolutionGuid = {562C42D4-A37C-4D62-AC6F-25D5FF3AF907}
	EndGlobalSection
EndGlobal
