
Microsoft Visual Studio Solution File, Format Version 12.00
# Visual Studio Version 16
VisualStudioVersion = 25.0.1705.1
MinimumVisualStudioVersion = 10.0.40219.1
Project("{FAE04EC0-301F-11D3-BF4B-00C04F79EFBC}") = "RomanToArabic", "RomanToArabic\RomanToArabic.csproj", "{4435B036-3330-490B-9032-8DD1284AF8F5}"
EndProject
Project("{FAE04EC0-301F-11D3-BF4B-00C04F79EFBC}") = "WithMapping", "WithMapping\WithMapping.csproj", "{2B582C49-DAA7-4A11-8350-C9302DDF3D6A}"
EndProject
Global
	GlobalSection(SolutionConfigurationPlatforms) = preSolution
		Debug|Any CPU = Debug|Any CPU
		Release|Any CPU = Release|Any CPU
	EndGlobalSection
	GlobalSection(ProjectConfigurationPlatforms) = postSolution
		{4435B036-3330-490B-9032-8DD1284AF8F5}.Debug|Any CPU.ActiveCfg = Debug|Any CPU
		{4435B036-3330-490B-9032-8DD1284AF8F5}.Debug|Any CPU.Build.0 = Debug|Any CPU
		{4435B036-3330-490B-9032-8DD1284AF8F5}.Release|Any CPU.ActiveCfg = Release|Any CPU
		{4435B036-3330-490B-9032-8DD1284AF8F5}.Release|Any CPU.Build.0 = Release|Any CPU
		{2B582C49-DAA7-4A11-8350-C9302DDF3D6A}.Debug|Any CPU.ActiveCfg = Debug|Any CPU
		{2B582C49-DAA7-4A11-8350-C9302DDF3D6A}.Debug|Any CPU.Build.0 = Debug|Any CPU
		{2B582C49-DAA7-4A11-8350-C9302DDF3D6A}.Release|Any CPU.ActiveCfg = Release|Any CPU
		{2B582C49-DAA7-4A11-8350-C9302DDF3D6A}.Release|Any CPU.Build.0 = Release|Any CPU
	EndGlobalSection
	GlobalSection(SolutionProperties) = preSolution
		HideSolutionNode = FALSE
	EndGlobalSection
	GlobalSection(ExtensibilityGlobals) = postSolution
		SolutionGuid = {7DA95664-1AE9-488C-A964-D4BA0F9CC3A8}
	EndGlobalSection
EndGlobal
